
Microsoft Visual Studio Solution File, Format Version 12.00
# Visual Studio Version 17
VisualStudioVersion = 17.10.35013.160
MinimumVisualStudioVersion = 10.0.40219.1
Project("{FAE04EC0-301F-11D3-BF4B-00C04F79EFBC}") = "CoffeeMachine", "CoffeeMachine\CoffeeMachine.csproj", "{C902054C-7203-4705-B398-E3A8B4478C8E}"
EndProject
Project("{FAE04EC0-301F-11D3-BF4B-00C04F79EFBC}") = "CoffeeMachineTests", "CoffeeMachineTests\CoffeeMachineTests.csproj", "{811BB007-F0AD-4A35-9FEE-14E3F6141F1C}"
EndProject
Global
	GlobalSection(SolutionConfigurationPlatforms) = preSolution
		Debug|Any CPU = Debug|Any CPU
		Release|Any CPU = Release|Any CPU
	EndGlobalSection
	GlobalSection(ProjectConfigurationPlatforms) = postSolution
		{C902054C-7203-4705-B398-E3A8B4478C8E}.Debug|Any CPU.ActiveCfg = Debug|Any CPU
		{C902054C-7203-4705-B398-E3A8B4478C8E}.Debug|Any CPU.Build.0 = Debug|Any CPU
		{C902054C-7203-4705-B398-E3A8B4478C8E}.Release|Any CPU.ActiveCfg = Release|Any CPU
		{C902054C-7203-4705-B398-E3A8B4478C8E}.Release|Any CPU.Build.0 = Release|Any CPU
		{811BB007-F0AD-4A35-9FEE-14E3F6141F1C}.Debug|Any CPU.ActiveCfg = Debug|Any CPU
		{811BB007-F0AD-4A35-9FEE-14E3F6141F1C}.Debug|Any CPU.Build.0 = Debug|Any CPU
		{811BB007-F0AD-4A35-9FEE-14E3F6141F1C}.Release|Any CPU.ActiveCfg = Release|Any CPU
		{811BB007-F0AD-4A35-9FEE-14E3F6141F1C}.Release|Any CPU.Build.0 = Release|Any CPU
	EndGlobalSection
	GlobalSection(SolutionProperties) = preSolution
		HideSolutionNode = FALSE
	EndGlobalSection
	GlobalSection(ExtensibilityGlobals) = postSolution
		SolutionGuid = {AE9EB423-717B-44A4-91BC-81D2EFC767A9}
	EndGlobalSection
EndGlobal
